// !$*UTF8*$!
{
	archiveVersion = 1;
	classes = {
	};
	objectVersion = 46;
	objects = {

/* Begin PBXBuildFile section */
		598AC32B1D1FE66500A0073D /* Main.storyboard in Resources */ = {isa = PBXBuildFile; fileRef = 598AC3291D1FE66500A0073D /* Main.storyboard */; };
		598AC32E1D1FE66500A0073D /* CVMaker.xcdatamodeld in Sources */ = {isa = PBXBuildFile; fileRef = 598AC32C1D1FE66500A0073D /* CVMaker.xcdatamodeld */; };
		598AC3301D1FE66500A0073D /* Assets.xcassets in Resources */ = {isa = PBXBuildFile; fileRef = 598AC32F1D1FE66500A0073D /* Assets.xcassets */; };
		598AC3331D1FE66500A0073D /* LaunchScreen.storyboard in Resources */ = {isa = PBXBuildFile; fileRef = 598AC3311D1FE66500A0073D /* LaunchScreen.storyboard */; };
		598AC33E1D1FE66500A0073D /* CVMakerTests.swift in Sources */ = {isa = PBXBuildFile; fileRef = 598AC33D1D1FE66500A0073D /* CVMakerTests.swift */; };
		598AC3491D1FE66500A0073D /* CVMakerUITests.swift in Sources */ = {isa = PBXBuildFile; fileRef = 598AC3481D1FE66500A0073D /* CVMakerUITests.swift */; };
		59C8EDCC1D20B5D900DB27A5 /* HomeCreateViewController.xib in Resources */ = {isa = PBXBuildFile; fileRef = 59C8EDCB1D20B5D900DB27A5 /* HomeCreateViewController.xib */; };
		59C8EDE11D20BD9800DB27A5 /* Localizable.strings in Resources */ = {isa = PBXBuildFile; fileRef = 59C8EDE31D20BD9800DB27A5 /* Localizable.strings */; };
		59C8EDEE1D20BFCF00DB27A5 /* CVStyleViewController.swift in Sources */ = {isa = PBXBuildFile; fileRef = 59C8EDE71D20BFCF00DB27A5 /* CVStyleViewController.swift */; };
		59C8EDEF1D20BFCF00DB27A5 /* CVStyleViewController.xib in Resources */ = {isa = PBXBuildFile; fileRef = 59C8EDE81D20BFCF00DB27A5 /* CVStyleViewController.xib */; };
		59C8EDF11D20C11400DB27A5 /* SettingViewController.swift in Sources */ = {isa = PBXBuildFile; fileRef = 59C8EDF01D20C11400DB27A5 /* SettingViewController.swift */; };
		59C8EDF31D20C12400DB27A5 /* SettingViewController.xib in Resources */ = {isa = PBXBuildFile; fileRef = 59C8EDF21D20C12400DB27A5 /* SettingViewController.xib */; };
		59D532491D202150007E2607 /* AppDelegate.swift in Sources */ = {isa = PBXBuildFile; fileRef = 59D532481D202150007E2607 /* AppDelegate.swift */; };
		59D532531D202205007E2607 /* ViewController.swift in Sources */ = {isa = PBXBuildFile; fileRef = 59D532521D202205007E2607 /* ViewController.swift */; };
		59D5325B1D202512007E2607 /* HomeViewController.swift in Sources */ = {isa = PBXBuildFile; fileRef = 59D5325A1D202512007E2607 /* HomeViewController.swift */; };
		59D5325D1D20257B007E2607 /* CVViewController.swift in Sources */ = {isa = PBXBuildFile; fileRef = 59D5325C1D20257B007E2607 /* CVViewController.swift */; };
		59D5325F1D2025C3007E2607 /* CVFormSelevtViewController.swift in Sources */ = {isa = PBXBuildFile; fileRef = 59D5325E1D2025C3007E2607 /* CVFormSelevtViewController.swift */; };
		59D532621D20260E007E2607 /* HomeCreateViewController.swift in Sources */ = {isa = PBXBuildFile; fileRef = 59D532611D20260E007E2607 /* HomeCreateViewController.swift */; };
		59D532761D203A77007E2607 /* CVViewController.xib in Resources */ = {isa = PBXBuildFile; fileRef = 59D532751D203A77007E2607 /* CVViewController.xib */; };
/* End PBXBuildFile section */

/* Begin PBXContainerItemProxy section */
		598AC33A1D1FE66500A0073D /* PBXContainerItemProxy */ = {
			isa = PBXContainerItemProxy;
			containerPortal = 598AC31A1D1FE66500A0073D /* Project object */;
			proxyType = 1;
			remoteGlobalIDString = 598AC3211D1FE66500A0073D;
			remoteInfo = CVMaker;
		};
		598AC3451D1FE66500A0073D /* PBXContainerItemProxy */ = {
			isa = PBXContainerItemProxy;
			containerPortal = 598AC31A1D1FE66500A0073D /* Project object */;
			proxyType = 1;
			remoteGlobalIDString = 598AC3211D1FE66500A0073D;
			remoteInfo = CVMaker;
		};
/* End PBXContainerItemProxy section */

/* Begin PBXFileReference section */
		598AC3221D1FE66500A0073D /* CVMaker.app */ = {isa = PBXFileReference; explicitFileType = wrapper.application; includeInIndex = 0; path = CVMaker.app; sourceTree = BUILT_PRODUCTS_DIR; };
		598AC32A1D1FE66500A0073D /* Base */ = {isa = PBXFileReference; lastKnownFileType = file.storyboard; name = Base; path = Base.lproj/Main.storyboard; sourceTree = "<group>"; };
		598AC32D1D1FE66500A0073D /* CVMaker.xcdatamodel */ = {isa = PBXFileReference; lastKnownFileType = wrapper.xcdatamodel; path = CVMaker.xcdatamodel; sourceTree = "<group>"; };
		598AC32F1D1FE66500A0073D /* Assets.xcassets */ = {isa = PBXFileReference; lastKnownFileType = folder.assetcatalog; path = Assets.xcassets; sourceTree = "<group>"; };
		598AC3321D1FE66500A0073D /* Base */ = {isa = PBXFileReference; lastKnownFileType = file.storyboard; name = Base; path = Base.lproj/LaunchScreen.storyboard; sourceTree = "<group>"; };
		598AC3341D1FE66500A0073D /* Info.plist */ = {isa = PBXFileReference; lastKnownFileType = text.plist.xml; path = Info.plist; sourceTree = "<group>"; };
		598AC3391D1FE66500A0073D /* CVMakerTests.xctest */ = {isa = PBXFileReference; explicitFileType = wrapper.cfbundle; includeInIndex = 0; path = CVMakerTests.xctest; sourceTree = BUILT_PRODUCTS_DIR; };
		598AC33D1D1FE66500A0073D /* CVMakerTests.swift */ = {isa = PBXFileReference; lastKnownFileType = sourcecode.swift; path = CVMakerTests.swift; sourceTree = "<group>"; };
		598AC33F1D1FE66500A0073D /* Info.plist */ = {isa = PBXFileReference; lastKnownFileType = text.plist.xml; path = Info.plist; sourceTree = "<group>"; };
		598AC3441D1FE66500A0073D /* CVMakerUITests.xctest */ = {isa = PBXFileReference; explicitFileType = wrapper.cfbundle; includeInIndex = 0; path = CVMakerUITests.xctest; sourceTree = BUILT_PRODUCTS_DIR; };
		598AC3481D1FE66500A0073D /* CVMakerUITests.swift */ = {isa = PBXFileReference; lastKnownFileType = sourcecode.swift; path = CVMakerUITests.swift; sourceTree = "<group>"; };
		598AC34A1D1FE66500A0073D /* Info.plist */ = {isa = PBXFileReference; lastKnownFileType = text.plist.xml; path = Info.plist; sourceTree = "<group>"; };
		59C8EDCB1D20B5D900DB27A5 /* HomeCreateViewController.xib */ = {isa = PBXFileReference; fileEncoding = 4; lastKnownFileType = file.xib; path = HomeCreateViewController.xib; sourceTree = "<group>"; };
		59C8EDDD1D20BD4400DB27A5 /* vi */ = {isa = PBXFileReference; lastKnownFileType = text.plist.strings; name = vi; path = vi.lproj/Main.strings; sourceTree = "<group>"; };
		59C8EDDE1D20BD4400DB27A5 /* vi */ = {isa = PBXFileReference; lastKnownFileType = text.plist.strings; name = vi; path = vi.lproj/LaunchScreen.strings; sourceTree = "<group>"; };
		59C8EDE21D20BD9800DB27A5 /* Base */ = {isa = PBXFileReference; lastKnownFileType = text.plist.strings; name = Base; path = Base.lproj/Localizable.strings; sourceTree = "<group>"; };
		59C8EDE41D20BD9C00DB27A5 /* en */ = {isa = PBXFileReference; lastKnownFileType = text.plist.strings; name = en; path = en.lproj/Localizable.strings; sourceTree = "<group>"; };
		59C8EDE51D20BD9D00DB27A5 /* vi */ = {isa = PBXFileReference; lastKnownFileType = text.plist.strings; name = vi; path = vi.lproj/Localizable.strings; sourceTree = "<group>"; };
		59C8EDE71D20BFCF00DB27A5 /* CVStyleViewController.swift */ = {isa = PBXFileReference; fileEncoding = 4; lastKnownFileType = sourcecode.swift; path = CVStyleViewController.swift; sourceTree = "<group>"; };
		59C8EDE81D20BFCF00DB27A5 /* CVStyleViewController.xib */ = {isa = PBXFileReference; fileEncoding = 4; lastKnownFileType = file.xib; path = CVStyleViewController.xib; sourceTree = "<group>"; };
		59C8EDF01D20C11400DB27A5 /* SettingViewController.swift */ = {isa = PBXFileReference; fileEncoding = 4; lastKnownFileType = sourcecode.swift; path = SettingViewController.swift; sourceTree = "<group>"; };
		59C8EDF21D20C12400DB27A5 /* SettingViewController.xib */ = {isa = PBXFileReference; fileEncoding = 4; lastKnownFileType = file.xib; path = SettingViewController.xib; sourceTree = "<group>"; };
		59D532481D202150007E2607 /* AppDelegate.swift */ = {isa = PBXFileReference; fileEncoding = 4; lastKnownFileType = sourcecode.swift; path = AppDelegate.swift; sourceTree = "<group>"; };
		59D532521D202205007E2607 /* ViewController.swift */ = {isa = PBXFileReference; fileEncoding = 4; lastKnownFileType = sourcecode.swift; path = ViewController.swift; sourceTree = "<group>"; };
		59D5325A1D202512007E2607 /* HomeViewController.swift */ = {isa = PBXFileReference; fileEncoding = 4; lastKnownFileType = sourcecode.swift; path = HomeViewController.swift; sourceTree = "<group>"; };
		59D5325C1D20257B007E2607 /* CVViewController.swift */ = {isa = PBXFileReference; fileEncoding = 4; lastKnownFileType = sourcecode.swift; path = CVViewController.swift; sourceTree = "<group>"; };
		59D5325E1D2025C3007E2607 /* CVFormSelevtViewController.swift */ = {isa = PBXFileReference; fileEncoding = 4; lastKnownFileType = sourcecode.swift; path = CVFormSelevtViewController.swift; sourceTree = "<group>"; };
		59D532611D20260E007E2607 /* HomeCreateViewController.swift */ = {isa = PBXFileReference; fileEncoding = 4; lastKnownFileType = sourcecode.swift; path = HomeCreateViewController.swift; sourceTree = "<group>"; };
		59D532751D203A77007E2607 /* CVViewController.xib */ = {isa = PBXFileReference; fileEncoding = 4; lastKnownFileType = file.xib; path = CVViewController.xib; sourceTree = "<group>"; };
/* End PBXFileReference section */

/* Begin PBXFrameworksBuildPhase section */
		598AC31F1D1FE66500A0073D /* Frameworks */ = {
			isa = PBXFrameworksBuildPhase;
			buildActionMask = 2147483647;
			files = (
			);
			runOnlyForDeploymentPostprocessing = 0;
		};
		598AC3361D1FE66500A0073D /* Frameworks */ = {
			isa = PBXFrameworksBuildPhase;
			buildActionMask = 2147483647;
			files = (
			);
			runOnlyForDeploymentPostprocessing = 0;
		};
		598AC3411D1FE66500A0073D /* Frameworks */ = {
			isa = PBXFrameworksBuildPhase;
			buildActionMask = 2147483647;
			files = (
			);
			runOnlyForDeploymentPostprocessing = 0;
		};
/* End PBXFrameworksBuildPhase section */

/* Begin PBXGroup section */
		598AC3191D1FE66500A0073D = {
			isa = PBXGroup;
			children = (
				598AC3241D1FE66500A0073D /* CVMaker */,
				598AC33C1D1FE66500A0073D /* CVMakerTests */,
				598AC3471D1FE66500A0073D /* CVMakerUITests */,
				598AC3231D1FE66500A0073D /* Products */,
			);
			sourceTree = "<group>";
		};
		598AC3231D1FE66500A0073D /* Products */ = {
			isa = PBXGroup;
			children = (
				598AC3221D1FE66500A0073D /* CVMaker.app */,
				598AC3391D1FE66500A0073D /* CVMakerTests.xctest */,
				598AC3441D1FE66500A0073D /* CVMakerUITests.xctest */,
			);
			name = Products;
			sourceTree = "<group>";
		};
		598AC3241D1FE66500A0073D /* CVMaker */ = {
			isa = PBXGroup;
			children = (
				59D532471D202150007E2607 /* AppDelegate */,
				59D5324E1D2021AE007E2607 /* Services */,
				59D5324A1D202162007E2607 /* ViewController */,
				59D5324D1D202184007E2607 /* Helper */,
				59D5324F1D2021BE007E2607 /* Object */,
				59D532501D2021D7007E2607 /* Library */,
				598AC3291D1FE66500A0073D /* Main.storyboard */,
				598AC32F1D1FE66500A0073D /* Assets.xcassets */,
				598AC3311D1FE66500A0073D /* LaunchScreen.storyboard */,
				598AC3341D1FE66500A0073D /* Info.plist */,
				598AC32C1D1FE66500A0073D /* CVMaker.xcdatamodeld */,
			);
			path = CVMaker;
			sourceTree = "<group>";
		};
		598AC33C1D1FE66500A0073D /* CVMakerTests */ = {
			isa = PBXGroup;
			children = (
				598AC33D1D1FE66500A0073D /* CVMakerTests.swift */,
				598AC33F1D1FE66500A0073D /* Info.plist */,
			);
			path = CVMakerTests;
			sourceTree = "<group>";
		};
		598AC3471D1FE66500A0073D /* CVMakerUITests */ = {
			isa = PBXGroup;
			children = (
				598AC3481D1FE66500A0073D /* CVMakerUITests.swift */,
				598AC34A1D1FE66500A0073D /* Info.plist */,
			);
			path = CVMakerUITests;
			sourceTree = "<group>";
		};
		59C8EDCD1D20B8AE00DB27A5 /* CreateEducationViewController */ = {
			isa = PBXGroup;
			children = (
			);
			path = CreateEducationViewController;
			sourceTree = "<group>";
		};
		59C8EDCE1D20B8AE00DB27A5 /* CreateInfomationViewController */ = {
			isa = PBXGroup;
			children = (
			);
			path = CreateInfomationViewController;
			sourceTree = "<group>";
		};
		59C8EDCF1D20B8AE00DB27A5 /* CreateObjectiveViewController */ = {
			isa = PBXGroup;
			children = (
			);
			path = CreateObjectiveViewController;
			sourceTree = "<group>";
		};
		59C8EDD01D20B8AE00DB27A5 /* CreateOtherInformationViewController */ = {
			isa = PBXGroup;
			children = (
			);
			path = CreateOtherInformationViewController;
			sourceTree = "<group>";
		};
		59C8EDD11D20B8AE00DB27A5 /* CreateSkillsViewController */ = {
			isa = PBXGroup;
			children = (
			);
			path = CreateSkillsViewController;
			sourceTree = "<group>";
		};
		59C8EDD21D20B8AE00DB27A5 /* CreateWorkExperienceViewController */ = {
			isa = PBXGroup;
			children = (
			);
			path = CreateWorkExperienceViewController;
			sourceTree = "<group>";
		};
		59C8EDD81D20BB0100DB27A5 /* CVStyleViewController */ = {
			isa = PBXGroup;
			children = (
				59C8EDE61D20BFCF00DB27A5 /* CVStyleViewController */,
				59C8EDE91D20BFCF00DB27A5 /* StyleAccountant ViewController */,
				59C8EDEA1D20BFCF00DB27A5 /* StyleDefaultViewController */,
				59C8EDEB1D20BFCF00DB27A5 /* StyleITViewController */,
				59C8EDEC1D20BFCF00DB27A5 /* StyleMarketingViewController */,
				59C8EDED1D20BFCF00DB27A5 /* StyleSaleViewController */,
			);
			path = CVStyleViewController;
			sourceTree = "<group>";
		};
		59C8EDE61D20BFCF00DB27A5 /* CVStyleViewController */ = {
			isa = PBXGroup;
			children = (
				59C8EDE71D20BFCF00DB27A5 /* CVStyleViewController.swift */,
				59C8EDE81D20BFCF00DB27A5 /* CVStyleViewController.xib */,
			);
			path = CVStyleViewController;
			sourceTree = "<group>";
		};
		59C8EDE91D20BFCF00DB27A5 /* StyleAccountant ViewController */ = {
			isa = PBXGroup;
			children = (
			);
			path = "StyleAccountant ViewController";
			sourceTree = "<group>";
		};
		59C8EDEA1D20BFCF00DB27A5 /* StyleDefaultViewController */ = {
			isa = PBXGroup;
			children = (
			);
			path = StyleDefaultViewController;
			sourceTree = "<group>";
		};
		59C8EDEB1D20BFCF00DB27A5 /* StyleITViewController */ = {
			isa = PBXGroup;
			children = (
			);
			path = StyleITViewController;
			sourceTree = "<group>";
		};
		59C8EDEC1D20BFCF00DB27A5 /* StyleMarketingViewController */ = {
			isa = PBXGroup;
			children = (
			);
			path = StyleMarketingViewController;
			sourceTree = "<group>";
		};
		59C8EDED1D20BFCF00DB27A5 /* StyleSaleViewController */ = {
			isa = PBXGroup;
			children = (
			);
			path = StyleSaleViewController;
			sourceTree = "<group>";
		};
		59D532471D202150007E2607 /* AppDelegate */ = {
			isa = PBXGroup;
			children = (
				59D532481D202150007E2607 /* AppDelegate.swift */,
			);
			path = AppDelegate;
			sourceTree = "<group>";
		};
		59D5324A1D202162007E2607 /* ViewController */ = {
			isa = PBXGroup;
			children = (
				59D532581D2024A3007E2607 /* HomeViewController */,
				59C8EDD81D20BB0100DB27A5 /* CVStyleViewController */,
				59D532551D2024A3007E2607 /* CreateCVViewController */,
				59D532571D2024A3007E2607 /* CVViewController */,
				59D532591D2024A3007E2607 /* SettingViewController */,
				59D532511D202205007E2607 /* ViewController */,
			);
			path = ViewController;
			sourceTree = "<group>";
		};
		59D5324D1D202184007E2607 /* Helper */ = {
			isa = PBXGroup;
			children = (
				59C8EDE31D20BD9800DB27A5 /* Localizable.strings */,
			);
			path = Helper;
			sourceTree = "<group>";
		};
		59D5324E1D2021AE007E2607 /* Services */ = {
			isa = PBXGroup;
			children = (
			);
			path = Services;
			sourceTree = "<group>";
		};
		59D5324F1D2021BE007E2607 /* Object */ = {
			isa = PBXGroup;
			children = (
			);
			path = Object;
			sourceTree = "<group>";
		};
		59D532501D2021D7007E2607 /* Library */ = {
			isa = PBXGroup;
			children = (
			);
			path = Library;
			sourceTree = "<group>";
		};
		59D532511D202205007E2607 /* ViewController */ = {
			isa = PBXGroup;
			children = (
				59D532521D202205007E2607 /* ViewController.swift */,
			);
			path = ViewController;
			sourceTree = "<group>";
		};
		59D532551D2024A3007E2607 /* CreateCVViewController */ = {
			isa = PBXGroup;
			children = (
				59D532601D202600007E2607 /* HomeCreateViewController */,
				59C8EDCE1D20B8AE00DB27A5 /* CreateInfomationViewController */,
				59C8EDCD1D20B8AE00DB27A5 /* CreateEducationViewController */,
				59C8EDCF1D20B8AE00DB27A5 /* CreateObjectiveViewController */,
				59C8EDD01D20B8AE00DB27A5 /* CreateOtherInformationViewController */,
				59C8EDD11D20B8AE00DB27A5 /* CreateSkillsViewController */,
				59C8EDD21D20B8AE00DB27A5 /* CreateWorkExperienceViewController */,
				59D532561D2024A3007E2607 /* CVFormSelectViewController */,
			);
			name = CreateCVViewController;
			path = CVMaker/ViewController/CreateCVViewController;
			sourceTree = SOURCE_ROOT;
		};
		59D532561D2024A3007E2607 /* CVFormSelectViewController */ = {
			isa = PBXGroup;
			children = (
				59D5325E1D2025C3007E2607 /* CVFormSelevtViewController.swift */,
			);
			name = CVFormSelectViewController;
			path = CVMaker/ViewController/CVFormSelectViewController;
			sourceTree = SOURCE_ROOT;
		};
		59D532571D2024A3007E2607 /* CVViewController */ = {
			isa = PBXGroup;
			children = (
				59D5325C1D20257B007E2607 /* CVViewController.swift */,
				59D532751D203A77007E2607 /* CVViewController.xib */,
			);
			name = CVViewController;
			path = CVMaker/ViewController/CVViewController;
			sourceTree = SOURCE_ROOT;
		};
		59D532581D2024A3007E2607 /* HomeViewController */ = {
			isa = PBXGroup;
			children = (
				59D5325A1D202512007E2607 /* HomeViewController.swift */,
			);
			name = HomeViewController;
			path = CVMaker/ViewController/HomeViewController;
			sourceTree = SOURCE_ROOT;
		};
		59D532591D2024A3007E2607 /* SettingViewController */ = {
			isa = PBXGroup;
			children = (
				59C8EDF01D20C11400DB27A5 /* SettingViewController.swift */,
				59C8EDF21D20C12400DB27A5 /* SettingViewController.xib */,
			);
			name = SettingViewController;
			path = CVMaker/ViewController/SettingViewController;
			sourceTree = SOURCE_ROOT;
		};
		59D532601D202600007E2607 /* HomeCreateViewController */ = {
			isa = PBXGroup;
			children = (
				59D532611D20260E007E2607 /* HomeCreateViewController.swift */,
				59C8EDCB1D20B5D900DB27A5 /* HomeCreateViewController.xib */,
			);
			path = HomeCreateViewController;
			sourceTree = "<group>";
		};
/* End PBXGroup section */

/* Begin PBXNativeTarget section */
		598AC3211D1FE66500A0073D /* CVMaker */ = {
			isa = PBXNativeTarget;
			buildConfigurationList = 598AC34D1D1FE66500A0073D /* Build configuration list for PBXNativeTarget "CVMaker" */;
			buildPhases = (
				598AC31E1D1FE66500A0073D /* Sources */,
				598AC31F1D1FE66500A0073D /* Frameworks */,
				598AC3201D1FE66500A0073D /* Resources */,
			);
			buildRules = (
			);
			dependencies = (
			);
			name = CVMaker;
			productName = CVMaker;
			productReference = 598AC3221D1FE66500A0073D /* CVMaker.app */;
			productType = "com.apple.product-type.application";
		};
		598AC3381D1FE66500A0073D /* CVMakerTests */ = {
			isa = PBXNativeTarget;
			buildConfigurationList = 598AC3501D1FE66500A0073D /* Build configuration list for PBXNativeTarget "CVMakerTests" */;
			buildPhases = (
				598AC3351D1FE66500A0073D /* Sources */,
				598AC3361D1FE66500A0073D /* Frameworks */,
				598AC3371D1FE66500A0073D /* Resources */,
			);
			buildRules = (
			);
			dependencies = (
				598AC33B1D1FE66500A0073D /* PBXTargetDependency */,
			);
			name = CVMakerTests;
			productName = CVMakerTests;
			productReference = 598AC3391D1FE66500A0073D /* CVMakerTests.xctest */;
			productType = "com.apple.product-type.bundle.unit-test";
		};
		598AC3431D1FE66500A0073D /* CVMakerUITests */ = {
			isa = PBXNativeTarget;
			buildConfigurationList = 598AC3531D1FE66500A0073D /* Build configuration list for PBXNativeTarget "CVMakerUITests" */;
			buildPhases = (
				598AC3401D1FE66500A0073D /* Sources */,
				598AC3411D1FE66500A0073D /* Frameworks */,
				598AC3421D1FE66500A0073D /* Resources */,
			);
			buildRules = (
			);
			dependencies = (
				598AC3461D1FE66500A0073D /* PBXTargetDependency */,
			);
			name = CVMakerUITests;
			productName = CVMakerUITests;
			productReference = 598AC3441D1FE66500A0073D /* CVMakerUITests.xctest */;
			productType = "com.apple.product-type.bundle.ui-testing";
		};
/* End PBXNativeTarget section */

/* Begin PBXProject section */
		598AC31A1D1FE66500A0073D /* Project object */ = {
			isa = PBXProject;
			attributes = {
				LastSwiftUpdateCheck = 0730;
				LastUpgradeCheck = 0730;
				ORGANIZATIONNAME = khactao;
				TargetAttributes = {
					598AC3211D1FE66500A0073D = {
						CreatedOnToolsVersion = 7.3;
						DevelopmentTeam = HL6NM6R58B;
					};
					598AC3381D1FE66500A0073D = {
						CreatedOnToolsVersion = 7.3;
						DevelopmentTeam = HL6NM6R58B;
						TestTargetID = 598AC3211D1FE66500A0073D;
					};
					598AC3431D1FE66500A0073D = {
						CreatedOnToolsVersion = 7.3;
						DevelopmentTeam = HL6NM6R58B;
						TestTargetID = 598AC3211D1FE66500A0073D;
					};
				};
			};
			buildConfigurationList = 598AC31D1D1FE66500A0073D /* Build configuration list for PBXProject "CVMaker" */;
			compatibilityVersion = "Xcode 3.2";
			developmentRegion = English;
			hasScannedForEncodings = 0;
			knownRegions = (
				en,
				Base,
				vi,
			);
			mainGroup = 598AC3191D1FE66500A0073D;
			productRefGroup = 598AC3231D1FE66500A0073D /* Products */;
			projectDirPath = "";
			projectRoot = "";
			targets = (
				598AC3211D1FE66500A0073D /* CVMaker */,
				598AC3381D1FE66500A0073D /* CVMakerTests */,
				598AC3431D1FE66500A0073D /* CVMakerUITests */,
			);
		};
/* End PBXProject section */

/* Begin PBXResourcesBuildPhase section */
		598AC3201D1FE66500A0073D /* Resources */ = {
			isa = PBXResourcesBuildPhase;
			buildActionMask = 2147483647;
			files = (
				59C8EDCC1D20B5D900DB27A5 /* HomeCreateViewController.xib in Resources */,
				59C8EDEF1D20BFCF00DB27A5 /* CVStyleViewController.xib in Resources */,
				598AC3331D1FE66500A0073D /* LaunchScreen.storyboard in Resources */,
				59C8EDE11D20BD9800DB27A5 /* Localizable.strings in Resources */,
				598AC3301D1FE66500A0073D /* Assets.xcassets in Resources */,
				59D532761D203A77007E2607 /* CVViewController.xib in Resources */,
				598AC32B1D1FE66500A0073D /* Main.storyboard in Resources */,
				59C8EDF31D20C12400DB27A5 /* SettingViewController.xib in Resources */,
			);
			runOnlyForDeploymentPostprocessing = 0;
		};
		598AC3371D1FE66500A0073D /* Resources */ = {
			isa = PBXResourcesBuildPhase;
			buildActionMask = 2147483647;
			files = (
			);
			runOnlyForDeploymentPostprocessing = 0;
		};
		598AC3421D1FE66500A0073D /* Resources */ = {
			isa = PBXResourcesBuildPhase;
			buildActionMask = 2147483647;
			files = (
			);
			runOnlyForDeploymentPostprocessing = 0;
		};
/* End PBXResourcesBuildPhase section */

/* Begin PBXSourcesBuildPhase section */
		598AC31E1D1FE66500A0073D /* Sources */ = {
			isa = PBXSourcesBuildPhase;
			buildActionMask = 2147483647;
			files = (
				59D532531D202205007E2607 /* ViewController.swift in Sources */,
				59D532621D20260E007E2607 /* HomeCreateViewController.swift in Sources */,
				59D5325D1D20257B007E2607 /* CVViewController.swift in Sources */,
				59D5325B1D202512007E2607 /* HomeViewController.swift in Sources */,
				59D532491D202150007E2607 /* AppDelegate.swift in Sources */,
				59C8EDF11D20C11400DB27A5 /* SettingViewController.swift in Sources */,
				59D5325F1D2025C3007E2607 /* CVFormSelevtViewController.swift in Sources */,
				598AC32E1D1FE66500A0073D /* CVMaker.xcdatamodeld in Sources */,
				59C8EDEE1D20BFCF00DB27A5 /* CVStyleViewController.swift in Sources */,
			);
			runOnlyForDeploymentPostprocessing = 0;
		};
		598AC3351D1FE66500A0073D /* Sources */ = {
			isa = PBXSourcesBuildPhase;
			buildActionMask = 2147483647;
			files = (
				598AC33E1D1FE66500A0073D /* CVMakerTests.swift in Sources */,
			);
			runOnlyForDeploymentPostprocessing = 0;
		};
		598AC3401D1FE66500A0073D /* Sources */ = {
			isa = PBXSourcesBuildPhase;
			buildActionMask = 2147483647;
			files = (
				598AC3491D1FE66500A0073D /* CVMakerUITests.swift in Sources */,
			);
			runOnlyForDeploymentPostprocessing = 0;
		};
/* End PBXSourcesBuildPhase section */

/* Begin PBXTargetDependency section */
		598AC33B1D1FE66500A0073D /* PBXTargetDependency */ = {
			isa = PBXTargetDependency;
			target = 598AC3211D1FE66500A0073D /* CVMaker */;
			targetProxy = 598AC33A1D1FE66500A0073D /* PBXContainerItemProxy */;
		};
		598AC3461D1FE66500A0073D /* PBXTargetDependency */ = {
			isa = PBXTargetDependency;
			target = 598AC3211D1FE66500A0073D /* CVMaker */;
			targetProxy = 598AC3451D1FE66500A0073D /* PBXContainerItemProxy */;
		};
/* End PBXTargetDependency section */

/* Begin PBXVariantGroup section */
		598AC3291D1FE66500A0073D /* Main.storyboard */ = {
			isa = PBXVariantGroup;
			children = (
				598AC32A1D1FE66500A0073D /* Base */,
				59C8EDDD1D20BD4400DB27A5 /* vi */,
			);
			name = Main.storyboard;
			sourceTree = "<group>";
		};
		598AC3311D1FE66500A0073D /* LaunchScreen.storyboard */ = {
			isa = PBXVariantGroup;
			children = (
				598AC3321D1FE66500A0073D /* Base */,
				59C8EDDE1D20BD4400DB27A5 /* vi */,
			);
			name = LaunchScreen.storyboard;
			sourceTree = "<group>";
		};
		59C8EDE31D20BD9800DB27A5 /* Localizable.strings */ = {
			isa = PBXVariantGroup;
			children = (
				59C8EDE21D20BD9800DB27A5 /* Base */,
				59C8EDE41D20BD9C00DB27A5 /* en */,
				59C8EDE51D20BD9D00DB27A5 /* vi */,
			);
			name = Localizable.strings;
			sourceTree = "<group>";
		};
/* End PBXVariantGroup section */

/* Begin XCBuildConfiguration section */
		598AC34B1D1FE66500A0073D /* Debug */ = {
			isa = XCBuildConfiguration;
			buildSettings = {
				ALWAYS_SEARCH_USER_PATHS = NO;
				CLANG_ANALYZER_NONNULL = YES;
				CLANG_CXX_LANGUAGE_STANDARD = "gnu++0x";
				CLANG_CXX_LIBRARY = "libc++";
				CLANG_ENABLE_MODULES = YES;
				CLANG_ENABLE_OBJC_ARC = YES;
				CLANG_WARN_BOOL_CONVERSION = YES;
				CLANG_WARN_CONSTANT_CONVERSION = YES;
				CLANG_WARN_DIRECT_OBJC_ISA_USAGE = YES_ERROR;
				CLANG_WARN_EMPTY_BODY = YES;
				CLANG_WARN_ENUM_CONVERSION = YES;
				CLANG_WARN_INT_CONVERSION = YES;
				CLANG_WARN_OBJC_ROOT_CLASS = YES_ERROR;
				CLANG_WARN_UNREACHABLE_CODE = YES;
				CLANG_WARN__DUPLICATE_METHOD_MATCH = YES;
				"CODE_SIGN_IDENTITY[sdk=iphoneos*]" = "iPhone Developer";
				COPY_PHASE_STRIP = NO;
				DEBUG_INFORMATION_FORMAT = dwarf;
				ENABLE_STRICT_OBJC_MSGSEND = YES;
				ENABLE_TESTABILITY = YES;
				GCC_C_LANGUAGE_STANDARD = gnu99;
				GCC_DYNAMIC_NO_PIC = NO;
				GCC_NO_COMMON_BLOCKS = YES;
				GCC_OPTIMIZATION_LEVEL = 0;
				GCC_PREPROCESSOR_DEFINITIONS = (
					"DEBUG=1",
					"$(inherited)",
				);
				GCC_WARN_64_TO_32_BIT_CONVERSION = YES;
				GCC_WARN_ABOUT_RETURN_TYPE = YES_ERROR;
				GCC_WARN_UNDECLARED_SELECTOR = YES;
				GCC_WARN_UNINITIALIZED_AUTOS = YES_AGGRESSIVE;
				GCC_WARN_UNUSED_FUNCTION = YES;
				GCC_WARN_UNUSED_VARIABLE = YES;
				IPHONEOS_DEPLOYMENT_TARGET = 9.3;
				MTL_ENABLE_DEBUG_INFO = YES;
				ONLY_ACTIVE_ARCH = YES;
				SDKROOT = iphoneos;
				SWIFT_OPTIMIZATION_LEVEL = "-Onone";
			};
			name = Debug;
		};
		598AC34C1D1FE66500A0073D /* Release */ = {
			isa = XCBuildConfiguration;
			buildSettings = {
				ALWAYS_SEARCH_USER_PATHS = NO;
				CLANG_ANALYZER_NONNULL = YES;
				CLANG_CXX_LANGUAGE_STANDARD = "gnu++0x";
				CLANG_CXX_LIBRARY = "libc++";
				CLANG_ENABLE_MODULES = YES;
				CLANG_ENABLE_OBJC_ARC = YES;
				CLANG_WARN_BOOL_CONVERSION = YES;
				CLANG_WARN_CONSTANT_CONVERSION = YES;
				CLANG_WARN_DIRECT_OBJC_ISA_USAGE = YES_ERROR;
				CLANG_WARN_EMPTY_BODY = YES;
				CLANG_WARN_ENUM_CONVERSION = YES;
				CLANG_WARN_INT_CONVERSION = YES;
				CLANG_WARN_OBJC_ROOT_CLASS = YES_ERROR;
				CLANG_WARN_UNREACHABLE_CODE = YES;
				CLANG_WARN__DUPLICATE_METHOD_MATCH = YES;
				"CODE_SIGN_IDENTITY[sdk=iphoneos*]" = "iPhone Developer";
				COPY_PHASE_STRIP = NO;
				DEBUG_INFORMATION_FORMAT = "dwarf-with-dsym";
				ENABLE_NS_ASSERTIONS = NO;
				ENABLE_STRICT_OBJC_MSGSEND = YES;
				GCC_C_LANGUAGE_STANDARD = gnu99;
				GCC_NO_COMMON_BLOCKS = YES;
				GCC_WARN_64_TO_32_BIT_CONVERSION = YES;
				GCC_WARN_ABOUT_RETURN_TYPE = YES_ERROR;
				GCC_WARN_UNDECLARED_SELECTOR = YES;
				GCC_WARN_UNINITIALIZED_AUTOS = YES_AGGRESSIVE;
				GCC_WARN_UNUSED_FUNCTION = YES;
				GCC_WARN_UNUSED_VARIABLE = YES;
				IPHONEOS_DEPLOYMENT_TARGET = 9.3;
				MTL_ENABLE_DEBUG_INFO = NO;
				SDKROOT = iphoneos;
				VALIDATE_PRODUCT = YES;
			};
			name = Release;
		};
		598AC34E1D1FE66500A0073D /* Debug */ = {
			isa = XCBuildConfiguration;
			buildSettings = {
				ASSETCATALOG_COMPILER_APPICON_NAME = AppIcon;
				INFOPLIST_FILE = CVMaker/Info.plist;
				LD_RUNPATH_SEARCH_PATHS = "$(inherited) @executable_path/Frameworks";
				PRODUCT_BUNDLE_IDENTIFIER = khactao.CVMaker;
				PRODUCT_NAME = "$(TARGET_NAME)";
			};
			name = Debug;
		};
		598AC34F1D1FE66500A0073D /* Release */ = {
			isa = XCBuildConfiguration;
			buildSettings = {
				ASSETCATALOG_COMPILER_APPICON_NAME = AppIcon;
				INFOPLIST_FILE = CVMaker/Info.plist;
				LD_RUNPATH_SEARCH_PATHS = "$(inherited) @executable_path/Frameworks";
				PRODUCT_BUNDLE_IDENTIFIER = khactao.CVMaker;
				PRODUCT_NAME = "$(TARGET_NAME)";
			};
			name = Release;
		};
		598AC3511D1FE66500A0073D /* Debug */ = {
			isa = XCBuildConfiguration;
			buildSettings = {
				BUNDLE_LOADER = "$(TEST_HOST)";
				INFOPLIST_FILE = CVMakerTests/Info.plist;
				LD_RUNPATH_SEARCH_PATHS = "$(inherited) @executable_path/Frameworks @loader_path/Frameworks";
				PRODUCT_BUNDLE_IDENTIFIER = khactao.CVMakerTests;
				PRODUCT_NAME = "$(TARGET_NAME)";
				TEST_HOST = "$(BUILT_PRODUCTS_DIR)/CVMaker.app/CVMaker";
			};
			name = Debug;
		};
		598AC3521D1FE66500A0073D /* Release */ = {
			isa = XCBuildConfiguration;
			buildSettings = {
				BUNDLE_LOADER = "$(TEST_HOST)";
				INFOPLIST_FILE = CVMakerTests/Info.plist;
				LD_RUNPATH_SEARCH_PATHS = "$(inherited) @executable_path/Frameworks @loader_path/Frameworks";
				PRODUCT_BUNDLE_IDENTIFIER = khactao.CVMakerTests;
				PRODUCT_NAME = "$(TARGET_NAME)";
				TEST_HOST = "$(BUILT_PRODUCTS_DIR)/CVMaker.app/CVMaker";
			};
			name = Release;
		};
		598AC3541D1FE66500A0073D /* Debug */ = {
			isa = XCBuildConfiguration;
			buildSettings = {
				INFOPLIST_FILE = CVMakerUITests/Info.plist;
				LD_RUNPATH_SEARCH_PATHS = "$(inherited) @executable_path/Frameworks @loader_path/Frameworks";
				PRODUCT_BUNDLE_IDENTIFIER = khactao.CVMakerUITests;
				PRODUCT_NAME = "$(TARGET_NAME)";
				TEST_TARGET_NAME = CVMaker;
			};
			name = Debug;
		};
		598AC3551D1FE66500A0073D /* Release */ = {
			isa = XCBuildConfiguration;
			buildSettings = {
				INFOPLIST_FILE = CVMakerUITests/Info.plist;
				LD_RUNPATH_SEARCH_PATHS = "$(inherited) @executable_path/Frameworks @loader_path/Frameworks";
				PRODUCT_BUNDLE_IDENTIFIER = khactao.CVMakerUITests;
				PRODUCT_NAME = "$(TARGET_NAME)";
				TEST_TARGET_NAME = CVMaker;
			};
			name = Release;
		};
/* End XCBuildConfiguration section */

/* Begin XCConfigurationList section */
		598AC31D1D1FE66500A0073D /* Build configuration list for PBXProject "CVMaker" */ = {
			isa = XCConfigurationList;
			buildConfigurations = (
				598AC34B1D1FE66500A0073D /* Debug */,
				598AC34C1D1FE66500A0073D /* Release */,
			);
			defaultConfigurationIsVisible = 0;
			defaultConfigurationName = Release;
		};
		598AC34D1D1FE66500A0073D /* Build configuration list for PBXNativeTarget "CVMaker" */ = {
			isa = XCConfigurationList;
			buildConfigurations = (
				598AC34E1D1FE66500A0073D /* Debug */,
				598AC34F1D1FE66500A0073D /* Release */,
			);
			defaultConfigurationIsVisible = 0;
			defaultConfigurationName = Release;
		};
		598AC3501D1FE66500A0073D /* Build configuration list for PBXNativeTarget "CVMakerTests" */ = {
			isa = XCConfigurationList;
			buildConfigurations = (
				598AC3511D1FE66500A0073D /* Debug */,
				598AC3521D1FE66500A0073D /* Release */,
			);
			defaultConfigurationIsVisible = 0;
			defaultConfigurationName = Release;
		};
		598AC3531D1FE66500A0073D /* Build configuration list for PBXNativeTarget "CVMakerUITests" */ = {
			isa = XCConfigurationList;
			buildConfigurations = (
				598AC3541D1FE66500A0073D /* Debug */,
				598AC3551D1FE66500A0073D /* Release */,
			);
			defaultConfigurationIsVisible = 0;
			defaultConfigurationName = Release;
		};
/* End XCConfigurationList section */

/* Begin XCVersionGroup section */
		598AC32C1D1FE66500A0073D /* CVMaker.xcdatamodeld */ = {
			isa = XCVersionGroup;
			children = (
				598AC32D1D1FE66500A0073D /* CVMaker.xcdatamodel */,
			);
			currentVersion = 598AC32D1D1FE66500A0073D /* CVMaker.xcdatamodel */;
			path = CVMaker.xcdatamodeld;
			sourceTree = "<group>";
			versionGroupType = wrapper.xcdatamodel;
		};
/* End XCVersionGroup section */
	};
	rootObject = 598AC31A1D1FE66500A0073D /* Project object */;
}
